
Microsoft Visual Studio Solution File, Format Version 12.00
# Visual Studio Version 16
VisualStudioVersion = 16.0.34114.132
MinimumVisualStudioVersion = 10.0.40219.1
Project("{FAE04EC0-301F-11D3-BF4B-00C04F79EFBC}") = "HelloWorld", "HelloWorld\HelloWorld.csproj", "{C987188D-9D54-4314-96A3-A9BBEEF08D14}"
EndProject
Project("{FAE04EC0-301F-11D3-BF4B-00C04F79EFBC}") = "Variables", "Variables\Variables.csproj", "{0A0D54FC-DAE1-4FD4-BFEC-4886D2B883E4}"
EndProject
Project("{FAE04EC0-301F-11D3-BF4B-00C04F79EFBC}") = "Operators", "Operators\Operators.csproj", "{A8D0EE65-5E4C-4B8D-849B-62F83B2E23F7}"
EndProject
Project("{FAE04EC0-301F-11D3-BF4B-00C04F79EFBC}") = "Conditions", "Conditions\Conditions.csproj", "{A0195FC3-C06C-4080-AAE8-8EEF06918BA6}"
EndProject
Project("{FAE04EC0-301F-11D3-BF4B-00C04F79EFBC}") = "Switch", "Switch\Switch.csproj", "{9443F4E2-8FDB-4C29-93E9-A6CD191938FB}"
EndProject
Project("{FAE04EC0-301F-11D3-BF4B-00C04F79EFBC}") = "Loops", "Loops\Loops.csproj", "{78C6DE64-9631-4CAB-8329-209FEB76FC47}"
EndProject
Global
	GlobalSection(SolutionConfigurationPlatforms) = preSolution
		Debug|Any CPU = Debug|Any CPU
		Release|Any CPU = Release|Any CPU
	EndGlobalSection
	GlobalSection(ProjectConfigurationPlatforms) = postSolution
		{C987188D-9D54-4314-96A3-A9BBEEF08D14}.Debug|Any CPU.ActiveCfg = Debug|Any CPU
		{C987188D-9D54-4314-96A3-A9BBEEF08D14}.Debug|Any CPU.Build.0 = Debug|Any CPU
		{C987188D-9D54-4314-96A3-A9BBEEF08D14}.Release|Any CPU.ActiveCfg = Release|Any CPU
		{C987188D-9D54-4314-96A3-A9BBEEF08D14}.Release|Any CPU.Build.0 = Release|Any CPU
		{0A0D54FC-DAE1-4FD4-BFEC-4886D2B883E4}.Debug|Any CPU.ActiveCfg = Debug|Any CPU
		{0A0D54FC-DAE1-4FD4-BFEC-4886D2B883E4}.Debug|Any CPU.Build.0 = Debug|Any CPU
		{0A0D54FC-DAE1-4FD4-BFEC-4886D2B883E4}.Release|Any CPU.ActiveCfg = Release|Any CPU
		{0A0D54FC-DAE1-4FD4-BFEC-4886D2B883E4}.Release|Any CPU.Build.0 = Release|Any CPU
		{A8D0EE65-5E4C-4B8D-849B-62F83B2E23F7}.Debug|Any CPU.ActiveCfg = Debug|Any CPU
		{A8D0EE65-5E4C-4B8D-849B-62F83B2E23F7}.Debug|Any CPU.Build.0 = Debug|Any CPU
		{A8D0EE65-5E4C-4B8D-849B-62F83B2E23F7}.Release|Any CPU.ActiveCfg = Release|Any CPU
		{A8D0EE65-5E4C-4B8D-849B-62F83B2E23F7}.Release|Any CPU.Build.0 = Release|Any CPU
		{A0195FC3-C06C-4080-AAE8-8EEF06918BA6}.Debug|Any CPU.ActiveCfg = Debug|Any CPU
		{A0195FC3-C06C-4080-AAE8-8EEF06918BA6}.Debug|Any CPU.Build.0 = Debug|Any CPU
		{A0195FC3-C06C-4080-AAE8-8EEF06918BA6}.Release|Any CPU.ActiveCfg = Release|Any CPU
		{A0195FC3-C06C-4080-AAE8-8EEF06918BA6}.Release|Any CPU.Build.0 = Release|Any CPU
		{9443F4E2-8FDB-4C29-93E9-A6CD191938FB}.Debug|Any CPU.ActiveCfg = Debug|Any CPU
		{9443F4E2-8FDB-4C29-93E9-A6CD191938FB}.Debug|Any CPU.Build.0 = Debug|Any CPU
		{9443F4E2-8FDB-4C29-93E9-A6CD191938FB}.Release|Any CPU.ActiveCfg = Release|Any CPU
		{9443F4E2-8FDB-4C29-93E9-A6CD191938FB}.Release|Any CPU.Build.0 = Release|Any CPU
		{78C6DE64-9631-4CAB-8329-209FEB76FC47}.Debug|Any CPU.ActiveCfg = Debug|Any CPU
		{78C6DE64-9631-4CAB-8329-209FEB76FC47}.Debug|Any CPU.Build.0 = Debug|Any CPU
		{78C6DE64-9631-4CAB-8329-209FEB76FC47}.Release|Any CPU.ActiveCfg = Release|Any CPU
		{78C6DE64-9631-4CAB-8329-209FEB76FC47}.Release|Any CPU.Build.0 = Release|Any CPU
	EndGlobalSection
	GlobalSection(SolutionProperties) = preSolution
		HideSolutionNode = FALSE
	EndGlobalSection
	GlobalSection(ExtensibilityGlobals) = postSolution
		SolutionGuid = {4DB1B61D-D12F-44C9-BD29-517017A7E3FF}
	EndGlobalSection
EndGlobal
